
Microsoft Visual Studio Solution File, Format Version 12.00
# Visual Studio Version 16
VisualStudioVersion = 16.0.28803.352
MinimumVisualStudioVersion = 10.0.40219.1
Project("{9A19103F-16F7-4668-BE54-9A1E7A4F7556}") = "DowntownRP", "DowntownRP.csproj", "{4AB36189-06E7-496B-8BA8-0FBCC4DE9551}"
EndProject
Project("{9A19103F-16F7-4668-BE54-9A1E7A4F7556}") = "DowntownRP-cs", "..\..\..\client_packages\cs_packages\DowntownRP-cs.csproj", "{EDA98F59-E39E-41F6-A433-B3D00B7405A2}"
EndProject
Global
	GlobalSection(SolutionConfigurationPlatforms) = preSolution
		Debug|Any CPU = Debug|Any CPU
		Release|Any CPU = Release|Any CPU
	EndGlobalSection
	GlobalSection(ProjectConfigurationPlatforms) = postSolution
		{4AB36189-06E7-496B-8BA8-0FBCC4DE9551}.Debug|Any CPU.ActiveCfg = Debug|Any CPU
		{4AB36189-06E7-496B-8BA8-0FBCC4DE9551}.Debug|Any CPU.Build.0 = Debug|Any CPU
		{4AB36189-06E7-496B-8BA8-0FBCC4DE9551}.Release|Any CPU.ActiveCfg = Release|Any CPU
		{4AB36189-06E7-496B-8BA8-0FBCC4DE9551}.Release|Any CPU.Build.0 = Release|Any CPU
		{EDA98F59-E39E-41F6-A433-B3D00B7405A2}.Debug|Any CPU.ActiveCfg = Debug|Any CPU
		{EDA98F59-E39E-41F6-A433-B3D00B7405A2}.Debug|Any CPU.Build.0 = Debug|Any CPU
		{EDA98F59-E39E-41F6-A433-B3D00B7405A2}.Release|Any CPU.ActiveCfg = Release|Any CPU
		{EDA98F59-E39E-41F6-A433-B3D00B7405A2}.Release|Any CPU.Build.0 = Release|Any CPU
	EndGlobalSection
	GlobalSection(SolutionProperties) = preSolution
		HideSolutionNode = FALSE
	EndGlobalSection
	GlobalSection(ExtensibilityGlobals) = postSolution
		SolutionGuid = {54630D25-E070-4E6F-8586-1CF6A545C43E}
	EndGlobalSection
EndGlobal
